{
  "lockfileVersion": 1,
  "workspaces": {
    "": {
      "name": "leaflet-windgl",
      "devDependencies": {
        "@types/bun": "latest",
        "@types/leaflet": "^1.9.18",
        "leaflet": "^1.9.4",
        "zarrita": "^0.5.1",
      },
      "peerDependencies": {
        "typescript": "^5",
      },
    },
  },
  "packages": {
    "@types/bun": ["@types/bun@1.2.13", "", { "dependencies": { "bun-types": "1.2.13" } }, "sha512-u6vXep/i9VBxoJl3GjZsl/BFIsvML8DfVDO0RYLEwtSZSp981kEO1V5NwRcO1CPJ7AmvpbnDCiMKo3JvbDEjAg=="],

    "@types/geojson": ["@types/geojson@7946.0.16", "", {}, "sha512-6C8nqWur3j98U6+lXDfTUWIfgvZU+EumvpHKcYjujKH7woYyLj2sUmff0tRhrqM7BohUw7Pz3ZB1jj2gW9Fvmg=="],

    "@types/leaflet": ["@types/leaflet@1.9.18", "", { "dependencies": { "@types/geojson": "*" } }, "sha512-ht2vsoPjezor5Pmzi5hdsA7F++v5UGq9OlUduWHmMZiuQGIpJ2WS5+Gg9HaAA79gNh1AIPtCqhzejcIZ3lPzXQ=="],

    "@types/node": ["@types/node@22.15.21", "", { "dependencies": { "undici-types": "~6.21.0" } }, "sha512-EV/37Td6c+MgKAbkcLG6vqZ2zEYHD7bvSrzqqs2RIhbA6w3x+Dqz8MZM3sP6kGTeLrdoOgKZe+Xja7tUB2DNkQ=="],

    "@zarrita/storage": ["@zarrita/storage@0.1.1", "", { "dependencies": { "reference-spec-reader": "^0.2.0", "unzipit": "^1.4.3" } }, "sha512-6/NUCvpzsIxfxeMv59jRTl/bOZg3GZfMP6iR8EIqrTaaE0S2jLL/ceX1OxcFBKnuA8/Z2YmgX4SFBHwFGrCcsw=="],

    "bun-types": ["bun-types@1.2.13", "", { "dependencies": { "@types/node": "*" } }, "sha512-rRjA1T6n7wto4gxhAO/ErZEtOXyEZEmnIHQfl0Dt1QQSB4QV0iP6BZ9/YB5fZaHFQ2dwHFrmPaRQ9GGMX01k9Q=="],

    "fflate": ["fflate@0.8.2", "", {}, "sha512-cPJU47OaAoCbg0pBvzsgpTPhmhqI5eJjh/JIu8tPj5q+T7iLvW/JAYUqmE7KOB4R1ZyEhzBaIQpQpardBF5z8A=="],

    "leaflet": ["leaflet@1.9.4", "", {}, "sha512-nxS1ynzJOmOlHp+iL3FyWqK89GtNL8U8rvlMOsQdTTssxZwCXh8N2NB3GDQOL+YR3XnWyZAxwQixURb+FA74PA=="],

    "numcodecs": ["numcodecs@0.3.2", "", { "dependencies": { "fflate": "^0.8.0" } }, "sha512-6YSPnmZgg0P87jnNhi3s+FVLOcIn3y+1CTIgUulA3IdASzK9fJM87sUFkpyA+be9GibGRaST2wCgkD+6U+fWKw=="],

    "reference-spec-reader": ["reference-spec-reader@0.2.0", "", {}, "sha512-q0mfCi5yZSSHXpCyxjgQeaORq3tvDsxDyzaadA/5+AbAUwRyRuuTh0aRQuE/vAOt/qzzxidJ5iDeu1cLHaNBlQ=="],

    "typescript": ["typescript@5.8.3", "", { "bin": { "tsc": "bin/tsc", "tsserver": "bin/tsserver" } }, "sha512-p1diW6TqL9L07nNxvRMM7hMMw4c5XOo/1ibL4aAIGmSAt9slTE1Xgw5KWuof2uTOvCg9BY7ZRi+GaF+7sfgPeQ=="],

    "undici-types": ["undici-types@6.21.0", "", {}, "sha512-iwDZqg0QAGrg9Rav5H4n0M64c3mkR59cJ6wQp+7C4nI0gsmExaedaYLNO44eT4AtBBwjbTiGPMlt2Md0T9H9JQ=="],

    "unzipit": ["unzipit@1.4.3", "", { "dependencies": { "uzip-module": "^1.0.2" } }, "sha512-gsq2PdJIWWGhx5kcdWStvNWit9FVdTewm4SEG7gFskWs+XCVaULt9+BwuoBtJiRE8eo3L1IPAOrbByNLtLtIlg=="],

    "uzip-module": ["uzip-module@1.0.3", "", {}, "sha512-AMqwWZaknLM77G+VPYNZLEruMGWGzyigPK3/Whg99B3S6vGHuqsyl5ZrOv1UUF3paGK1U6PM0cnayioaryg/fA=="],

    "zarrita": ["zarrita@0.5.1", "", { "dependencies": { "@zarrita/storage": "^0.1.1", "numcodecs": "^0.3.2" } }, "sha512-cyujP70BOl5DiXuLtM+0j9nq/pAov4SKXRYIQQOVnk2TfBg/jopX+FXLbqkq3ULOxFLB5AwkPbSp5KvZXoJrbQ=="],
  }
}
